{
  "name": "iots-generator-test",
  "version": "0.0.1",
  "lockfileVersion": 1,
  "requires": true,
  "dependencies": {
    "fp-ts": {
      "version": "1.9.0",
      "resolved": "https://registry.npmjs.org/fp-ts/-/fp-ts-1.9.0.tgz",
      "integrity": "sha512-mYWI4hCS1Qntbw+Zqh6SnxIXuecrlmW6e7DHbTT8e5S45SAP37JH+z6yAsecxCe62A20XUDy0Vr7FeLxuXLRlw=="
    },
    "io-ts": {
      "version": "1.3.0",
      "resolved": "https://registry.npmjs.org/io-ts/-/io-ts-1.3.0.tgz",
      "integrity": "sha512-3Y+shQijBP4rUpREG26AqumeBncm1ANf0bYeDU9DNb0GE99fhm1S+jk/ZvEd2RV+S8aVLNbXpwWX2+ysuei0QQ==",
      "requires": {
        "fp-ts": "^1.0.0"
      }
    },
    "typescript": {
      "version": "3.1.1",
      "resolved": "https://registry.npmjs.org/typescript/-/typescript-3.1.1.tgz",
      "integrity": "sha512-Veu0w4dTc/9wlWNf2jeRInNodKlcdLgemvPsrNpfu5Pq39sgfFjvIIgTsvUHCoLBnMhPoUA+tFxsXjU6VexVRQ==",
      "dev": true
    }
  }
}
