{
  "name": "iots-generator-test",
  "version": "0.0.1",
  "lockfileVersion": 1,
  "requires": true,
  "dependencies": {
    "fp-ts": {
      "version": "2.4.0",
      "resolved": "http://nexus.corp.eldis.ru/repository/npm-group/fp-ts/-/fp-ts-2.4.0.tgz",
      "integrity": "sha512-o96pqlRq4YB0dZpnInHrz6O6jHWTf+jDIpY6vsM/ZxAPfOhW9gl9ng62wfyhFHFeH+Ldn2/zOF32xbR2O+/MEw=="
    },
    "io-ts": {
      "version": "2.0.4",
      "resolved": "http://nexus.corp.eldis.ru/repository/npm-group/io-ts/-/io-ts-2.0.4.tgz",
      "integrity": "sha512-GqCi13q6FFWbHZa6a+Aza6pJ66OqfYvEQwZyvKbKs21bez207NEQWhXH43JvwYIFk6R7rYidG8p/xqTYzvX2tQ=="
    },
    "typescript": {
      "version": "3.7.4",
      "resolved": "http://nexus.corp.eldis.ru/repository/npm-group/typescript/-/typescript-3.7.4.tgz",
      "integrity": "sha512-A25xv5XCtarLwXpcDNZzCGvW2D1S3/bACratYBx2sax8PefsFhlYmkQicKHvpYflFS8if4zne5zT5kpJ7pzuvw==",
      "dev": true
    }
  }
}
