{
  "name": "iots-generator-test",
  "version": "0.0.1",
  "lockfileVersion": 1,
  "requires": true,
  "dependencies": {
    "fp-ts": {
      "version": "0.6.5",
      "resolved": "https://registry.npmjs.org/fp-ts/-/fp-ts-0.6.5.tgz",
      "integrity": "sha512-Rnf4kUneCjDpKZZVn0rdfhNx3KCe8QTbOVbOGmDJ3nyGa7ME+apzO/1TB50ySnmgTxE5y9DGmFo3abRcvplAgA=="
    },
    "io-ts": {
      "version": "0.8.2",
      "resolved": "https://registry.npmjs.org/io-ts/-/io-ts-0.8.2.tgz",
      "integrity": "sha512-NWjtYVcpkRNr5ccTOFg0KdVlFC4POsc/rGXz0LPX0z8iG6VFvuhNU3Uaxj7WW2dncj6omN43hHJba8YD3qR5Xw==",
      "requires": {
        "fp-ts": "0.6.5"
      }
    },
    "typescript": {
      "version": "2.6.2",
      "resolved": "https://registry.npmjs.org/typescript/-/typescript-2.6.2.tgz",
      "integrity": "sha1-PFtv1/beCRQmkCfwPAlGdY92c6Q=",
      "dev": true
    }
  }
}
